
Microsoft Visual Studio Solution File, Format Version 12.00
# Visual Studio Version 17
VisualStudioVersion = 17.4.33213.308
MinimumVisualStudioVersion = 10.0.40219.1
Project("{FAE04EC0-301F-11D3-BF4B-00C04F79EFBC}") = "Task1", "Task1\Task1.csproj", "{D0558264-9273-47CF-B2FA-0160287711B9}"
EndProject
Global
	GlobalSection(SolutionConfigurationPlatforms) = preSolution
		Debug|Any CPU = Debug|Any CPU
		Release|Any CPU = Release|Any CPU
	EndGlobalSection
	GlobalSection(ProjectConfigurationPlatforms) = postSolution
		{D0558264-9273-47CF-B2FA-0160287711B9}.Debug|Any CPU.ActiveCfg = Debug|Any CPU
		{D0558264-9273-47CF-B2FA-0160287711B9}.Debug|Any CPU.Build.0 = Debug|Any CPU
		{D0558264-9273-47CF-B2FA-0160287711B9}.Release|Any CPU.ActiveCfg = Release|Any CPU
		{D0558264-9273-47CF-B2FA-0160287711B9}.Release|Any CPU.Build.0 = Release|Any CPU
	EndGlobalSection
	GlobalSection(SolutionProperties) = preSolution
		HideSolutionNode = FALSE
	EndGlobalSection
	GlobalSection(ExtensibilityGlobals) = postSolution
		SolutionGuid = {B0C0D135-AA39-4C26-AD3A-32EC3EDF2392}
	EndGlobalSection
EndGlobal
